// !$*UTF8*$!
{
	archiveVersion = 1;
	classes = {
	};
	objectVersion = 52;
	objects = {

/* Begin PBXBuildFile section */
		4347FA2D2692C97500C95EFC /* BonusContentsView.storyboard in Resources */ = {isa = PBXBuildFile; fileRef = 4347FA2C2692C97500C95EFC /* BonusContentsView.storyboard */; };
		4347FA322692C98D00C95EFC /* PenaltyContentsView.storyboard in Resources */ = {isa = PBXBuildFile; fileRef = 4347FA312692C98D00C95EFC /* PenaltyContentsView.storyboard */; };
		4347FA372692C9A600C95EFC /* BonusContentsViewController.swift in Sources */ = {isa = PBXBuildFile; fileRef = 4347FA362692C9A600C95EFC /* BonusContentsViewController.swift */; };
		4347FA3C2692C9B400C95EFC /* PenaltyContentsViewController.swift in Sources */ = {isa = PBXBuildFile; fileRef = 4347FA3B2692C9B400C95EFC /* PenaltyContentsViewController.swift */; };
		4347FA6A2693EC6600C95EFC /* ContentsAddView.storyboard in Resources */ = {isa = PBXBuildFile; fileRef = 4347FA692693EC6600C95EFC /* ContentsAddView.storyboard */; };
		4347FA6F2693ECB800C95EFC /* ContentsAddViewController.swift in Sources */ = {isa = PBXBuildFile; fileRef = 4347FA6E2693ECB800C95EFC /* ContentsAddViewController.swift */; };
		438E1DF32696DFDB00A8ACDD /* Extention.swift in Sources */ = {isa = PBXBuildFile; fileRef = 438E1DF22696DFDB00A8ACDD /* Extention.swift */; };
		438E1EC826A653D500A8ACDD /* RxSwift in Frameworks */ = {isa = PBXBuildFile; productRef = 438E1EC726A653D500A8ACDD /* RxSwift */; };
		438E1ECA26A653D500A8ACDD /* RxCocoa in Frameworks */ = {isa = PBXBuildFile; productRef = 438E1EC926A653D500A8ACDD /* RxCocoa */; };
		438E1ECC26A653D500A8ACDD /* RxRelay in Frameworks */ = {isa = PBXBuildFile; productRef = 438E1ECB26A653D500A8ACDD /* RxRelay */; };
		438E1EF926A69B1B00A8ACDD /* lotteryBox.swift in Sources */ = {isa = PBXBuildFile; fileRef = 438E1EF826A69B1B00A8ACDD /* lotteryBox.swift */; };
		438E1F8626AE83EA00A8ACDD /* LotteryViewModel.swift in Sources */ = {isa = PBXBuildFile; fileRef = 438E1F8526AE83EA00A8ACDD /* LotteryViewModel.swift */; };
		43CAE638269574480037A2C5 /* BubbleTransition in Frameworks */ = {isa = PBXBuildFile; productRef = 43CAE637269574480037A2C5 /* BubbleTransition */; };
		43E1CCE4268C0490007E0EDB /* AppDelegate.swift in Sources */ = {isa = PBXBuildFile; fileRef = 43E1CCE3268C0490007E0EDB /* AppDelegate.swift */; };
		43E1CCE6268C0490007E0EDB /* SceneDelegate.swift in Sources */ = {isa = PBXBuildFile; fileRef = 43E1CCE5268C0490007E0EDB /* SceneDelegate.swift */; };
		43E1CCED268C0494007E0EDB /* Assets.xcassets in Resources */ = {isa = PBXBuildFile; fileRef = 43E1CCEC268C0494007E0EDB /* Assets.xcassets */; };
		43E1CCF0268C0494007E0EDB /* LaunchScreen.storyboard in Resources */ = {isa = PBXBuildFile; fileRef = 43E1CCEE268C0494007E0EDB /* LaunchScreen.storyboard */; };
		43E1CD34268C2813007E0EDB /* HomeTabViewController.swift in Sources */ = {isa = PBXBuildFile; fileRef = 43E1CD33268C2813007E0EDB /* HomeTabViewController.swift */; };
		43E1CD3C268C28A2007E0EDB /* BoxViewController.swift in Sources */ = {isa = PBXBuildFile; fileRef = 43E1CD3B268C28A2007E0EDB /* BoxViewController.swift */; };
		43E1CD41268C28D3007E0EDB /* ContentsViewController.swift in Sources */ = {isa = PBXBuildFile; fileRef = 43E1CD40268C28D3007E0EDB /* ContentsViewController.swift */; };
		43E1CD58268D8B04007E0EDB /* LotteryViewController.swift in Sources */ = {isa = PBXBuildFile; fileRef = 43E1CD57268D8B04007E0EDB /* LotteryViewController.swift */; };
		43E1CD6C26913882007E0EDB /* HomeTabView.storyboard in Resources */ = {isa = PBXBuildFile; fileRef = 43E1CD6B26913882007E0EDB /* HomeTabView.storyboard */; };
		43E1CD712691400C007E0EDB /* BoxView.storyboard in Resources */ = {isa = PBXBuildFile; fileRef = 43E1CD702691400C007E0EDB /* BoxView.storyboard */; };
		43E1CD7626914021007E0EDB /* LotteryView.storyboard in Resources */ = {isa = PBXBuildFile; fileRef = 43E1CD7526914021007E0EDB /* LotteryView.storyboard */; };
		43E1CD7B26914034007E0EDB /* ContentsView.storyboard in Resources */ = {isa = PBXBuildFile; fileRef = 43E1CD7A26914034007E0EDB /* ContentsView.storyboard */; };
		A47AE5E492E25F8875748055 /* Pods_BonusBox.framework in Frameworks */ = {isa = PBXBuildFile; fileRef = CD11A31FE757E1F12139C0DC /* Pods_BonusBox.framework */; };
/* End PBXBuildFile section */

/* Begin PBXCopyFilesBuildPhase section */
		43E1CD1D268C049A007E0EDB /* Embed Watch Content */ = {
			isa = PBXCopyFilesBuildPhase;
			buildActionMask = 2147483647;
			dstPath = "$(CONTENTS_FOLDER_PATH)/Watch";
			dstSubfolderSpec = 16;
			files = (
			);
			name = "Embed Watch Content";
			runOnlyForDeploymentPostprocessing = 0;
		};
/* End PBXCopyFilesBuildPhase section */

/* Begin PBXFileReference section */
		1336C31E5FDF6AC7A6B9BDB7 /* Pods-BonusBox WatchKit Extension.debug.xcconfig */ = {isa = PBXFileReference; includeInIndex = 1; lastKnownFileType = text.xcconfig; name = "Pods-BonusBox WatchKit Extension.debug.xcconfig"; path = "Target Support Files/Pods-BonusBox WatchKit Extension/Pods-BonusBox WatchKit Extension.debug.xcconfig"; sourceTree = "<group>"; };
		4347FA2C2692C97500C95EFC /* BonusContentsView.storyboard */ = {isa = PBXFileReference; lastKnownFileType = file.storyboard; path = BonusContentsView.storyboard; sourceTree = "<group>"; };
		4347FA312692C98D00C95EFC /* PenaltyContentsView.storyboard */ = {isa = PBXFileReference; lastKnownFileType = file.storyboard; path = PenaltyContentsView.storyboard; sourceTree = "<group>"; };
		4347FA362692C9A600C95EFC /* BonusContentsViewController.swift */ = {isa = PBXFileReference; lastKnownFileType = sourcecode.swift; path = BonusContentsViewController.swift; sourceTree = "<group>"; };
		4347FA3B2692C9B400C95EFC /* PenaltyContentsViewController.swift */ = {isa = PBXFileReference; lastKnownFileType = sourcecode.swift; path = PenaltyContentsViewController.swift; sourceTree = "<group>"; };
		4347FA692693EC6600C95EFC /* ContentsAddView.storyboard */ = {isa = PBXFileReference; lastKnownFileType = file.storyboard; path = ContentsAddView.storyboard; sourceTree = "<group>"; };
		4347FA6E2693ECB800C95EFC /* ContentsAddViewController.swift */ = {isa = PBXFileReference; lastKnownFileType = sourcecode.swift; path = ContentsAddViewController.swift; sourceTree = "<group>"; };
		438E1DF22696DFDB00A8ACDD /* Extention.swift */ = {isa = PBXFileReference; lastKnownFileType = sourcecode.swift; path = Extention.swift; sourceTree = "<group>"; };
		438E1EF826A69B1B00A8ACDD /* lotteryBox.swift */ = {isa = PBXFileReference; lastKnownFileType = sourcecode.swift; path = lotteryBox.swift; sourceTree = "<group>"; };
		438E1F8526AE83EA00A8ACDD /* LotteryViewModel.swift */ = {isa = PBXFileReference; lastKnownFileType = sourcecode.swift; path = LotteryViewModel.swift; sourceTree = "<group>"; };
		43E1CCE0268C0490007E0EDB /* BonusBox.app */ = {isa = PBXFileReference; explicitFileType = wrapper.application; includeInIndex = 0; path = BonusBox.app; sourceTree = BUILT_PRODUCTS_DIR; };
		43E1CCE3268C0490007E0EDB /* AppDelegate.swift */ = {isa = PBXFileReference; lastKnownFileType = sourcecode.swift; path = AppDelegate.swift; sourceTree = "<group>"; };
		43E1CCE5268C0490007E0EDB /* SceneDelegate.swift */ = {isa = PBXFileReference; lastKnownFileType = sourcecode.swift; path = SceneDelegate.swift; sourceTree = "<group>"; };
		43E1CCEC268C0494007E0EDB /* Assets.xcassets */ = {isa = PBXFileReference; lastKnownFileType = folder.assetcatalog; path = Assets.xcassets; sourceTree = "<group>"; };
		43E1CCEF268C0494007E0EDB /* Base */ = {isa = PBXFileReference; lastKnownFileType = file.storyboard; name = Base; path = Base.lproj/LaunchScreen.storyboard; sourceTree = "<group>"; };
		43E1CCF1268C0494007E0EDB /* Info.plist */ = {isa = PBXFileReference; lastKnownFileType = text.plist.xml; path = Info.plist; sourceTree = "<group>"; };
		43E1CD33268C2813007E0EDB /* HomeTabViewController.swift */ = {isa = PBXFileReference; lastKnownFileType = sourcecode.swift; path = HomeTabViewController.swift; sourceTree = "<group>"; };
		43E1CD3B268C28A2007E0EDB /* BoxViewController.swift */ = {isa = PBXFileReference; lastKnownFileType = sourcecode.swift; path = BoxViewController.swift; sourceTree = "<group>"; };
		43E1CD40268C28D3007E0EDB /* ContentsViewController.swift */ = {isa = PBXFileReference; lastKnownFileType = sourcecode.swift; path = ContentsViewController.swift; sourceTree = "<group>"; };
		43E1CD57268D8B04007E0EDB /* LotteryViewController.swift */ = {isa = PBXFileReference; lastKnownFileType = sourcecode.swift; path = LotteryViewController.swift; sourceTree = "<group>"; };
		43E1CD6B26913882007E0EDB /* HomeTabView.storyboard */ = {isa = PBXFileReference; lastKnownFileType = file.storyboard; path = HomeTabView.storyboard; sourceTree = "<group>"; };
		43E1CD702691400C007E0EDB /* BoxView.storyboard */ = {isa = PBXFileReference; lastKnownFileType = file.storyboard; path = BoxView.storyboard; sourceTree = "<group>"; };
		43E1CD7526914021007E0EDB /* LotteryView.storyboard */ = {isa = PBXFileReference; lastKnownFileType = file.storyboard; path = LotteryView.storyboard; sourceTree = "<group>"; };
		43E1CD7A26914034007E0EDB /* ContentsView.storyboard */ = {isa = PBXFileReference; lastKnownFileType = file.storyboard; path = ContentsView.storyboard; sourceTree = "<group>"; };
		5D5A97A4EEDA76BC56B30279 /* Pods-BonusBox WatchKit App.release.xcconfig */ = {isa = PBXFileReference; includeInIndex = 1; lastKnownFileType = text.xcconfig; name = "Pods-BonusBox WatchKit App.release.xcconfig"; path = "Target Support Files/Pods-BonusBox WatchKit App/Pods-BonusBox WatchKit App.release.xcconfig"; sourceTree = "<group>"; };
		630CAB5B6D7387E1009EE643 /* Pods-BonusBox WatchKit Extension.release.xcconfig */ = {isa = PBXFileReference; includeInIndex = 1; lastKnownFileType = text.xcconfig; name = "Pods-BonusBox WatchKit Extension.release.xcconfig"; path = "Target Support Files/Pods-BonusBox WatchKit Extension/Pods-BonusBox WatchKit Extension.release.xcconfig"; sourceTree = "<group>"; };
		8BAAFF24A75A0F255C7C9284 /* Pods_BonusBox_WatchKit_App.framework */ = {isa = PBXFileReference; explicitFileType = wrapper.framework; includeInIndex = 0; path = Pods_BonusBox_WatchKit_App.framework; sourceTree = BUILT_PRODUCTS_DIR; };
		9B1A59302A3D4F9477861A67 /* Pods-BonusBox.release.xcconfig */ = {isa = PBXFileReference; includeInIndex = 1; lastKnownFileType = text.xcconfig; name = "Pods-BonusBox.release.xcconfig"; path = "Target Support Files/Pods-BonusBox/Pods-BonusBox.release.xcconfig"; sourceTree = "<group>"; };
		A550FFE4D0FC2711DF65A60F /* Pods-BonusBox.debug.xcconfig */ = {isa = PBXFileReference; includeInIndex = 1; lastKnownFileType = text.xcconfig; name = "Pods-BonusBox.debug.xcconfig"; path = "Target Support Files/Pods-BonusBox/Pods-BonusBox.debug.xcconfig"; sourceTree = "<group>"; };
		A90456E5528BABB2C62863DB /* Pods_BonusBox_WatchKit_Extension.framework */ = {isa = PBXFileReference; explicitFileType = wrapper.framework; includeInIndex = 0; path = Pods_BonusBox_WatchKit_Extension.framework; sourceTree = BUILT_PRODUCTS_DIR; };
		CD11A31FE757E1F12139C0DC /* Pods_BonusBox.framework */ = {isa = PBXFileReference; explicitFileType = wrapper.framework; includeInIndex = 0; path = Pods_BonusBox.framework; sourceTree = BUILT_PRODUCTS_DIR; };
		E387C25A8F329E0F16232D84 /* Pods-BonusBox WatchKit App.debug.xcconfig */ = {isa = PBXFileReference; includeInIndex = 1; lastKnownFileType = text.xcconfig; name = "Pods-BonusBox WatchKit App.debug.xcconfig"; path = "Target Support Files/Pods-BonusBox WatchKit App/Pods-BonusBox WatchKit App.debug.xcconfig"; sourceTree = "<group>"; };
/* End PBXFileReference section */

/* Begin PBXFrameworksBuildPhase section */
		43E1CCDD268C0490007E0EDB /* Frameworks */ = {
			isa = PBXFrameworksBuildPhase;
			buildActionMask = 2147483647;
			files = (
				438E1ECC26A653D500A8ACDD /* RxRelay in Frameworks */,
				438E1EC826A653D500A8ACDD /* RxSwift in Frameworks */,
				A47AE5E492E25F8875748055 /* Pods_BonusBox.framework in Frameworks */,
				438E1ECA26A653D500A8ACDD /* RxCocoa in Frameworks */,
				43CAE638269574480037A2C5 /* BubbleTransition in Frameworks */,
			);
			runOnlyForDeploymentPostprocessing = 0;
		};
/* End PBXFrameworksBuildPhase section */

/* Begin PBXGroup section */
		438E1ED126A6833000A8ACDD /* Models */ = {
			isa = PBXGroup;
			children = (
				438E1EF826A69B1B00A8ACDD /* lotteryBox.swift */,
			);
			path = Models;
			sourceTree = "<group>";
		};
		438E1EFB26A69E7200A8ACDD /* ViewModels */ = {
			isa = PBXGroup;
			children = (
				438E1F8526AE83EA00A8ACDD /* LotteryViewModel.swift */,
			);
			path = ViewModels;
			sourceTree = "<group>";
		};
		43E1CCD7268C0490007E0EDB = {
			isa = PBXGroup;
			children = (
				43E1CCE2268C0490007E0EDB /* BonusBox */,
				43E1CCE1268C0490007E0EDB /* Products */,
				95DB4725C6DE7D6C8366EBB9 /* Pods */,
				5B0A29D1A641C7EA07AD5392 /* Frameworks */,
			);
			sourceTree = "<group>";
		};
		43E1CCE1268C0490007E0EDB /* Products */ = {
			isa = PBXGroup;
			children = (
				43E1CCE0268C0490007E0EDB /* BonusBox.app */,
			);
			name = Products;
			sourceTree = "<group>";
		};
		43E1CCE2268C0490007E0EDB /* BonusBox */ = {
			isa = PBXGroup;
			children = (
				438E1ED126A6833000A8ACDD /* Models */,
				43E1CD86269145E6007E0EDB /* ViewControllers */,
				438E1EFB26A69E7200A8ACDD /* ViewModels */,
				43E1CD85269145B4007E0EDB /* Storyboards */,
				43E1CCE3268C0490007E0EDB /* AppDelegate.swift */,
				43E1CCE5268C0490007E0EDB /* SceneDelegate.swift */,
				43E1CCEC268C0494007E0EDB /* Assets.xcassets */,
				43E1CCEE268C0494007E0EDB /* LaunchScreen.storyboard */,
				43E1CCF1268C0494007E0EDB /* Info.plist */,
				438E1DF22696DFDB00A8ACDD /* Extention.swift */,
			);
			path = BonusBox;
			sourceTree = "<group>";
		};
		43E1CD85269145B4007E0EDB /* Storyboards */ = {
			isa = PBXGroup;
			children = (
				43E1CD6B26913882007E0EDB /* HomeTabView.storyboard */,
				43E1CD702691400C007E0EDB /* BoxView.storyboard */,
				43E1CD7526914021007E0EDB /* LotteryView.storyboard */,
				43E1CD7A26914034007E0EDB /* ContentsView.storyboard */,
				4347FA2C2692C97500C95EFC /* BonusContentsView.storyboard */,
				4347FA312692C98D00C95EFC /* PenaltyContentsView.storyboard */,
				4347FA692693EC6600C95EFC /* ContentsAddView.storyboard */,
			);
			path = Storyboards;
			sourceTree = "<group>";
		};
		43E1CD86269145E6007E0EDB /* ViewControllers */ = {
			isa = PBXGroup;
			children = (
				43E1CD33268C2813007E0EDB /* HomeTabViewController.swift */,
				43E1CD3B268C28A2007E0EDB /* BoxViewController.swift */,
				43E1CD57268D8B04007E0EDB /* LotteryViewController.swift */,
				43E1CD40268C28D3007E0EDB /* ContentsViewController.swift */,
				4347FA362692C9A600C95EFC /* BonusContentsViewController.swift */,
				4347FA3B2692C9B400C95EFC /* PenaltyContentsViewController.swift */,
				4347FA6E2693ECB800C95EFC /* ContentsAddViewController.swift */,
			);
			path = ViewControllers;
			sourceTree = "<group>";
		};
		5B0A29D1A641C7EA07AD5392 /* Frameworks */ = {
			isa = PBXGroup;
			children = (
				CD11A31FE757E1F12139C0DC /* Pods_BonusBox.framework */,
				8BAAFF24A75A0F255C7C9284 /* Pods_BonusBox_WatchKit_App.framework */,
				A90456E5528BABB2C62863DB /* Pods_BonusBox_WatchKit_Extension.framework */,
			);
			name = Frameworks;
			sourceTree = "<group>";
		};
		95DB4725C6DE7D6C8366EBB9 /* Pods */ = {
			isa = PBXGroup;
			children = (
				A550FFE4D0FC2711DF65A60F /* Pods-BonusBox.debug.xcconfig */,
				9B1A59302A3D4F9477861A67 /* Pods-BonusBox.release.xcconfig */,
				E387C25A8F329E0F16232D84 /* Pods-BonusBox WatchKit App.debug.xcconfig */,
				5D5A97A4EEDA76BC56B30279 /* Pods-BonusBox WatchKit App.release.xcconfig */,
				1336C31E5FDF6AC7A6B9BDB7 /* Pods-BonusBox WatchKit Extension.debug.xcconfig */,
				630CAB5B6D7387E1009EE643 /* Pods-BonusBox WatchKit Extension.release.xcconfig */,
			);
			path = Pods;
			sourceTree = "<group>";
		};
/* End PBXGroup section */

/* Begin PBXNativeTarget section */
		43E1CCDF268C0490007E0EDB /* BonusBox */ = {
			isa = PBXNativeTarget;
			buildConfigurationList = 43E1CD1E268C049A007E0EDB /* Build configuration list for PBXNativeTarget "BonusBox" */;
			buildPhases = (
				008976EDBFB5D67093416C1D /* [CP] Check Pods Manifest.lock */,
				43E1CCDC268C0490007E0EDB /* Sources */,
				43E1CCDD268C0490007E0EDB /* Frameworks */,
				43E1CCDE268C0490007E0EDB /* Resources */,
				43E1CD1D268C049A007E0EDB /* Embed Watch Content */,
				5E994C234DFA6EB881FF0342 /* [CP] Embed Pods Frameworks */,
			);
			buildRules = (
			);
			dependencies = (
			);
			name = BonusBox;
			packageProductDependencies = (
				43CAE637269574480037A2C5 /* BubbleTransition */,
				438E1EC726A653D500A8ACDD /* RxSwift */,
				438E1EC926A653D500A8ACDD /* RxCocoa */,
				438E1ECB26A653D500A8ACDD /* RxRelay */,
			);
			productName = BonusBox;
			productReference = 43E1CCE0268C0490007E0EDB /* BonusBox.app */;
			productType = "com.apple.product-type.application";
		};
/* End PBXNativeTarget section */

/* Begin PBXProject section */
		43E1CCD8268C0490007E0EDB /* Project object */ = {
			isa = PBXProject;
			attributes = {
				LastSwiftUpdateCheck = 1240;
				LastUpgradeCheck = 1240;
				TargetAttributes = {
					43E1CCDF268C0490007E0EDB = {
						CreatedOnToolsVersion = 12.4;
					};
				};
			};
			buildConfigurationList = 43E1CCDB268C0490007E0EDB /* Build configuration list for PBXProject "BonusBox" */;
			compatibilityVersion = "Xcode 9.3";
			developmentRegion = en;
			hasScannedForEncodings = 0;
			knownRegions = (
				en,
				Base,
			);
			mainGroup = 43E1CCD7268C0490007E0EDB;
			packageReferences = (
				43CAE636269574480037A2C5 /* XCRemoteSwiftPackageReference "BubbleTransition" */,
				438E1EC626A653D500A8ACDD /* XCRemoteSwiftPackageReference "RxSwift" */,
			);
			productRefGroup = 43E1CCE1268C0490007E0EDB /* Products */;
			projectDirPath = "";
			projectRoot = "";
			targets = (
				43E1CCDF268C0490007E0EDB /* BonusBox */,
			);
		};
/* End PBXProject section */

/* Begin PBXResourcesBuildPhase section */
		43E1CCDE268C0490007E0EDB /* Resources */ = {
			isa = PBXResourcesBuildPhase;
			buildActionMask = 2147483647;
			files = (
				43E1CD7626914021007E0EDB /* LotteryView.storyboard in Resources */,
				4347FA6A2693EC6600C95EFC /* ContentsAddView.storyboard in Resources */,
				43E1CCF0268C0494007E0EDB /* LaunchScreen.storyboard in Resources */,
				43E1CD712691400C007E0EDB /* BoxView.storyboard in Resources */,
				4347FA322692C98D00C95EFC /* PenaltyContentsView.storyboard in Resources */,
				43E1CCED268C0494007E0EDB /* Assets.xcassets in Resources */,
				43E1CD6C26913882007E0EDB /* HomeTabView.storyboard in Resources */,
				4347FA2D2692C97500C95EFC /* BonusContentsView.storyboard in Resources */,
				43E1CD7B26914034007E0EDB /* ContentsView.storyboard in Resources */,
			);
			runOnlyForDeploymentPostprocessing = 0;
		};
/* End PBXResourcesBuildPhase section */

/* Begin PBXShellScriptBuildPhase section */
		008976EDBFB5D67093416C1D /* [CP] Check Pods Manifest.lock */ = {
			isa = PBXShellScriptBuildPhase;
			buildActionMask = 2147483647;
			files = (
			);
			inputFileListPaths = (
			);
			inputPaths = (
				"${PODS_PODFILE_DIR_PATH}/Podfile.lock",
				"${PODS_ROOT}/Manifest.lock",
			);
			name = "[CP] Check Pods Manifest.lock";
			outputFileListPaths = (
			);
			outputPaths = (
				"$(DERIVED_FILE_DIR)/Pods-BonusBox-checkManifestLockResult.txt",
			);
			runOnlyForDeploymentPostprocessing = 0;
			shellPath = /bin/sh;
			shellScript = "diff \"${PODS_PODFILE_DIR_PATH}/Podfile.lock\" \"${PODS_ROOT}/Manifest.lock\" > /dev/null\nif [ $? != 0 ] ; then\n    # print error to STDERR\n    echo \"error: The sandbox is not in sync with the Podfile.lock. Run 'pod install' or update your CocoaPods installation.\" >&2\n    exit 1\nfi\n# This output is used by Xcode 'outputs' to avoid re-running this script phase.\necho \"SUCCESS\" > \"${SCRIPT_OUTPUT_FILE_0}\"\n";
			showEnvVarsInLog = 0;
		};
		5E994C234DFA6EB881FF0342 /* [CP] Embed Pods Frameworks */ = {
			isa = PBXShellScriptBuildPhase;
			buildActionMask = 2147483647;
			files = (
			);
			inputFileListPaths = (
				"${PODS_ROOT}/Target Support Files/Pods-BonusBox/Pods-BonusBox-frameworks-${CONFIGURATION}-input-files.xcfilelist",
			);
			name = "[CP] Embed Pods Frameworks";
			outputFileListPaths = (
				"${PODS_ROOT}/Target Support Files/Pods-BonusBox/Pods-BonusBox-frameworks-${CONFIGURATION}-output-files.xcfilelist",
			);
			runOnlyForDeploymentPostprocessing = 0;
			shellPath = /bin/sh;
			shellScript = "\"${PODS_ROOT}/Target Support Files/Pods-BonusBox/Pods-BonusBox-frameworks.sh\"\n";
			showEnvVarsInLog = 0;
		};
/* End PBXShellScriptBuildPhase section */

/* Begin PBXSourcesBuildPhase section */
		43E1CCDC268C0490007E0EDB /* Sources */ = {
			isa = PBXSourcesBuildPhase;
			buildActionMask = 2147483647;
			files = (
				4347FA3C2692C9B400C95EFC /* PenaltyContentsViewController.swift in Sources */,
				43E1CCE4268C0490007E0EDB /* AppDelegate.swift in Sources */,
				4347FA6F2693ECB800C95EFC /* ContentsAddViewController.swift in Sources */,
				43E1CCE6268C0490007E0EDB /* SceneDelegate.swift in Sources */,
				438E1F8626AE83EA00A8ACDD /* LotteryViewModel.swift in Sources */,
				438E1DF32696DFDB00A8ACDD /* Extention.swift in Sources */,
				43E1CD58268D8B04007E0EDB /* LotteryViewController.swift in Sources */,
				43E1CD3C268C28A2007E0EDB /* BoxViewController.swift in Sources */,
				43E1CD34268C2813007E0EDB /* HomeTabViewController.swift in Sources */,
				438E1EF926A69B1B00A8ACDD /* lotteryBox.swift in Sources */,
				43E1CD41268C28D3007E0EDB /* ContentsViewController.swift in Sources */,
				4347FA372692C9A600C95EFC /* BonusContentsViewController.swift in Sources */,
			);
			runOnlyForDeploymentPostprocessing = 0;
		};
/* End PBXSourcesBuildPhase section */

/* Begin PBXVariantGroup section */
		43E1CCEE268C0494007E0EDB /* LaunchScreen.storyboard */ = {
			isa = PBXVariantGroup;
			children = (
				43E1CCEF268C0494007E0EDB /* Base */,
			);
			name = LaunchScreen.storyboard;
			sourceTree = "<group>";
		};
/* End PBXVariantGroup section */

/* Begin XCBuildConfiguration section */
		43E1CD14268C049A007E0EDB /* Debug */ = {
			isa = XCBuildConfiguration;
			buildSettings = {
				ALWAYS_SEARCH_USER_PATHS = NO;
				CLANG_ANALYZER_NONNULL = YES;
				CLANG_ANALYZER_NUMBER_OBJECT_CONVERSION = YES_AGGRESSIVE;
				CLANG_CXX_LANGUAGE_STANDARD = "gnu++14";
				CLANG_CXX_LIBRARY = "libc++";
				CLANG_ENABLE_MODULES = YES;
				CLANG_ENABLE_OBJC_ARC = YES;
				CLANG_ENABLE_OBJC_WEAK = YES;
				CLANG_WARN_BLOCK_CAPTURE_AUTORELEASING = YES;
				CLANG_WARN_BOOL_CONVERSION = YES;
				CLANG_WARN_COMMA = YES;
				CLANG_WARN_CONSTANT_CONVERSION = YES;
				CLANG_WARN_DEPRECATED_OBJC_IMPLEMENTATIONS = YES;
				CLANG_WARN_DIRECT_OBJC_ISA_USAGE = YES_ERROR;
				CLANG_WARN_DOCUMENTATION_COMMENTS = YES;
				CLANG_WARN_EMPTY_BODY = YES;
				CLANG_WARN_ENUM_CONVERSION = YES;
				CLANG_WARN_INFINITE_RECURSION = YES;
				CLANG_WARN_INT_CONVERSION = YES;
				CLANG_WARN_NON_LITERAL_NULL_CONVERSION = YES;
				CLANG_WARN_OBJC_IMPLICIT_RETAIN_SELF = YES;
				CLANG_WARN_OBJC_LITERAL_CONVERSION = YES;
				CLANG_WARN_OBJC_ROOT_CLASS = YES_ERROR;
				CLANG_WARN_QUOTED_INCLUDE_IN_FRAMEWORK_HEADER = YES;
				CLANG_WARN_RANGE_LOOP_ANALYSIS = YES;
				CLANG_WARN_STRICT_PROTOTYPES = YES;
				CLANG_WARN_SUSPICIOUS_MOVE = YES;
				CLANG_WARN_UNGUARDED_AVAILABILITY = YES_AGGRESSIVE;
				CLANG_WARN_UNREACHABLE_CODE = YES;
				CLANG_WARN__DUPLICATE_METHOD_MATCH = YES;
				COPY_PHASE_STRIP = NO;
				DEBUG_INFORMATION_FORMAT = dwarf;
				ENABLE_STRICT_OBJC_MSGSEND = YES;
				ENABLE_TESTABILITY = YES;
				GCC_C_LANGUAGE_STANDARD = gnu11;
				GCC_DYNAMIC_NO_PIC = NO;
				GCC_NO_COMMON_BLOCKS = YES;
				GCC_OPTIMIZATION_LEVEL = 0;
				GCC_PREPROCESSOR_DEFINITIONS = (
					"DEBUG=1",
					"$(inherited)",
				);
				GCC_WARN_64_TO_32_BIT_CONVERSION = YES;
				GCC_WARN_ABOUT_RETURN_TYPE = YES_ERROR;
				GCC_WARN_UNDECLARED_SELECTOR = YES;
				GCC_WARN_UNINITIALIZED_AUTOS = YES_AGGRESSIVE;
				GCC_WARN_UNUSED_FUNCTION = YES;
				GCC_WARN_UNUSED_VARIABLE = YES;
				IPHONEOS_DEPLOYMENT_TARGET = 13.0;
				MTL_ENABLE_DEBUG_INFO = INCLUDE_SOURCE;
				MTL_FAST_MATH = YES;
				ONLY_ACTIVE_ARCH = YES;
				SWIFT_ACTIVE_COMPILATION_CONDITIONS = DEBUG;
				SWIFT_OPTIMIZATION_LEVEL = "-Onone";
			};
			name = Debug;
		};
		43E1CD15268C049A007E0EDB /* Release */ = {
			isa = XCBuildConfiguration;
			buildSettings = {
				ALWAYS_SEARCH_USER_PATHS = NO;
				CLANG_ANALYZER_NONNULL = YES;
				CLANG_ANALYZER_NUMBER_OBJECT_CONVERSION = YES_AGGRESSIVE;
				CLANG_CXX_LANGUAGE_STANDARD = "gnu++14";
				CLANG_CXX_LIBRARY = "libc++";
				CLANG_ENABLE_MODULES = YES;
				CLANG_ENABLE_OBJC_ARC = YES;
				CLANG_ENABLE_OBJC_WEAK = YES;
				CLANG_WARN_BLOCK_CAPTURE_AUTORELEASING = YES;
				CLANG_WARN_BOOL_CONVERSION = YES;
				CLANG_WARN_COMMA = YES;
				CLANG_WARN_CONSTANT_CONVERSION = YES;
				CLANG_WARN_DEPRECATED_OBJC_IMPLEMENTATIONS = YES;
				CLANG_WARN_DIRECT_OBJC_ISA_USAGE = YES_ERROR;
				CLANG_WARN_DOCUMENTATION_COMMENTS = YES;
				CLANG_WARN_EMPTY_BODY = YES;
				CLANG_WARN_ENUM_CONVERSION = YES;
				CLANG_WARN_INFINITE_RECURSION = YES;
				CLANG_WARN_INT_CONVERSION = YES;
				CLANG_WARN_NON_LITERAL_NULL_CONVERSION = YES;
				CLANG_WARN_OBJC_IMPLICIT_RETAIN_SELF = YES;
				CLANG_WARN_OBJC_LITERAL_CONVERSION = YES;
				CLANG_WARN_OBJC_ROOT_CLASS = YES_ERROR;
				CLANG_WARN_QUOTED_INCLUDE_IN_FRAMEWORK_HEADER = YES;
				CLANG_WARN_RANGE_LOOP_ANALYSIS = YES;
				CLANG_WARN_STRICT_PROTOTYPES = YES;
				CLANG_WARN_SUSPICIOUS_MOVE = YES;
				CLANG_WARN_UNGUARDED_AVAILABILITY = YES_AGGRESSIVE;
				CLANG_WARN_UNREACHABLE_CODE = YES;
				CLANG_WARN__DUPLICATE_METHOD_MATCH = YES;
				COPY_PHASE_STRIP = NO;
				DEBUG_INFORMATION_FORMAT = "dwarf-with-dsym";
				ENABLE_NS_ASSERTIONS = NO;
				ENABLE_STRICT_OBJC_MSGSEND = YES;
				GCC_C_LANGUAGE_STANDARD = gnu11;
				GCC_NO_COMMON_BLOCKS = YES;
				GCC_WARN_64_TO_32_BIT_CONVERSION = YES;
				GCC_WARN_ABOUT_RETURN_TYPE = YES_ERROR;
				GCC_WARN_UNDECLARED_SELECTOR = YES;
				GCC_WARN_UNINITIALIZED_AUTOS = YES_AGGRESSIVE;
				GCC_WARN_UNUSED_FUNCTION = YES;
				GCC_WARN_UNUSED_VARIABLE = YES;
				IPHONEOS_DEPLOYMENT_TARGET = 13.0;
				MTL_ENABLE_DEBUG_INFO = NO;
				MTL_FAST_MATH = YES;
				SWIFT_COMPILATION_MODE = wholemodule;
				SWIFT_OPTIMIZATION_LEVEL = "-O";
			};
			name = Release;
		};
		43E1CD1F268C049A007E0EDB /* Debug */ = {
			isa = XCBuildConfiguration;
			baseConfigurationReference = A550FFE4D0FC2711DF65A60F /* Pods-BonusBox.debug.xcconfig */;
			buildSettings = {
				ASSETCATALOG_COMPILER_APPICON_NAME = AppIcon;
				ASSETCATALOG_COMPILER_GLOBAL_ACCENT_COLOR_NAME = AccentColor;
				CODE_SIGN_STYLE = Automatic;
				DEVELOPMENT_TEAM = 27AABG3WWT;
				INFOPLIST_FILE = BonusBox/Info.plist;
				IPHONEOS_DEPLOYMENT_TARGET = 14.4;
				LD_RUNPATH_SEARCH_PATHS = (
					"$(inherited)",
					"@executable_path/Frameworks",
				);
				PRODUCT_BUNDLE_IDENTIFIER = com.maeken.BonusBox;
				PRODUCT_NAME = "$(TARGET_NAME)";
				SDKROOT = iphoneos;
				SWIFT_VERSION = 5.0;
				TARGETED_DEVICE_FAMILY = 1;
			};
			name = Debug;
		};
		43E1CD20268C049A007E0EDB /* Release */ = {
			isa = XCBuildConfiguration;
			baseConfigurationReference = 9B1A59302A3D4F9477861A67 /* Pods-BonusBox.release.xcconfig */;
			buildSettings = {
				ASSETCATALOG_COMPILER_APPICON_NAME = AppIcon;
				ASSETCATALOG_COMPILER_GLOBAL_ACCENT_COLOR_NAME = AccentColor;
				CODE_SIGN_STYLE = Automatic;
				DEVELOPMENT_TEAM = 27AABG3WWT;
				INFOPLIST_FILE = BonusBox/Info.plist;
				IPHONEOS_DEPLOYMENT_TARGET = 14.4;
				LD_RUNPATH_SEARCH_PATHS = (
					"$(inherited)",
					"@executable_path/Frameworks",
				);
				PRODUCT_BUNDLE_IDENTIFIER = com.maeken.BonusBox;
				PRODUCT_NAME = "$(TARGET_NAME)";
				SDKROOT = iphoneos;
				SWIFT_VERSION = 5.0;
				TARGETED_DEVICE_FAMILY = 1;
				VALIDATE_PRODUCT = YES;
			};
			name = Release;
		};
/* End XCBuildConfiguration section */

/* Begin XCConfigurationList section */
		43E1CCDB268C0490007E0EDB /* Build configuration list for PBXProject "BonusBox" */ = {
			isa = XCConfigurationList;
			buildConfigurations = (
				43E1CD14268C049A007E0EDB /* Debug */,
				43E1CD15268C049A007E0EDB /* Release */,
			);
			defaultConfigurationIsVisible = 0;
			defaultConfigurationName = Release;
		};
		43E1CD1E268C049A007E0EDB /* Build configuration list for PBXNativeTarget "BonusBox" */ = {
			isa = XCConfigurationList;
			buildConfigurations = (
				43E1CD1F268C049A007E0EDB /* Debug */,
				43E1CD20268C049A007E0EDB /* Release */,
			);
			defaultConfigurationIsVisible = 0;
			defaultConfigurationName = Release;
		};
/* End XCConfigurationList section */

/* Begin XCRemoteSwiftPackageReference section */
		438E1EC626A653D500A8ACDD /* XCRemoteSwiftPackageReference "RxSwift" */ = {
			isa = XCRemoteSwiftPackageReference;
			repositoryURL = "https://github.com/ReactiveX/RxSwift";
			requirement = {
				kind = upToNextMajorVersion;
				minimumVersion = 6.2.0;
			};
		};
		43CAE636269574480037A2C5 /* XCRemoteSwiftPackageReference "BubbleTransition" */ = {
			isa = XCRemoteSwiftPackageReference;
			repositoryURL = "https://github.com/andreamazz/BubbleTransition.git";
			requirement = {
				kind = upToNextMajorVersion;
				minimumVersion = 4.1.0;
			};
		};
/* End XCRemoteSwiftPackageReference section */

/* Begin XCSwiftPackageProductDependency section */
		438E1EC726A653D500A8ACDD /* RxSwift */ = {
			isa = XCSwiftPackageProductDependency;
			package = 438E1EC626A653D500A8ACDD /* XCRemoteSwiftPackageReference "RxSwift" */;
			productName = RxSwift;
		};
		438E1EC926A653D500A8ACDD /* RxCocoa */ = {
			isa = XCSwiftPackageProductDependency;
			package = 438E1EC626A653D500A8ACDD /* XCRemoteSwiftPackageReference "RxSwift" */;
			productName = RxCocoa;
		};
		438E1ECB26A653D500A8ACDD /* RxRelay */ = {
			isa = XCSwiftPackageProductDependency;
			package = 438E1EC626A653D500A8ACDD /* XCRemoteSwiftPackageReference "RxSwift" */;
			productName = RxRelay;
		};
		43CAE637269574480037A2C5 /* BubbleTransition */ = {
			isa = XCSwiftPackageProductDependency;
			package = 43CAE636269574480037A2C5 /* XCRemoteSwiftPackageReference "BubbleTransition" */;
			productName = BubbleTransition;
		};
/* End XCSwiftPackageProductDependency section */
	};
	rootObject = 43E1CCD8268C0490007E0EDB /* Project object */;
}
